# THIS IS AN AUTOGENERATED FILE. DO NOT EDIT THIS FILE DIRECTLY.
# yarn lockfile v1


"@popperjs/core@^2.11.8":
  version "2.11.8"
  resolved "https://registry.yarnpkg.com/@popperjs/core/-/core-2.11.8.tgz#6b79032e760a0899cd4204710beede972a3a185f"
  integrity sha512-P1st0aksCrn9sGZhp8GMYwBnQsbvAWsZAX44oXNNvLHGqAOcoVxmjZiohstwQ7SqKnbR47akdNi+uleWD8+g6A==

bootstrap@^5.3.3:
  version "5.3.3"
  resolved "https://registry.yarnpkg.com/bootstrap/-/bootstrap-5.3.3.tgz#de35e1a765c897ac940021900fcbb831602bac38"
  integrity sha512-8HLCdWgyoMguSO9o+aH+iuZ+aht+mzW0u3HIMzVu7Srrpv7EBBxTnrFlSCskwdY1+EOFQSm7uMJhNQHkdPcmjg==

sweetalert2@^11.23.0:
  version "11.23.0"
  resolved "https://registry.yarnpkg.com/sweetalert2/-/sweetalert2-11.23.0.tgz#ba8a051b1e94215c762af08692171b7b4611c4c1"
  integrity sha512-cKzzbC3C1sIs7o9XAMw4E8F9kBtGXsBDUsd2JZ8JM/dqa+nzWwSGM+9LLYILZWzWHzX9W+HJNHyBlbHPVS/krw==
